
Microsoft Visual Studio Solution File, Format Version 12.00
# Visual Studio 15
VisualStudioVersion = 15.0.28010.2026
MinimumVisualStudioVersion = 10.0.40219.1
Project("{FAE04EC0-301F-11D3-BF4B-00C04F79EFBC}") = "Mvc3ViewDemo", "Mvc3ViewDemo\Mvc3ViewDemo.csproj", "{461EFDCD-F817-4A3C-A819-C9A4DBC90F27}"
EndProject
Global
	GlobalSection(SolutionConfigurationPlatforms) = preSolution
		Debug|Any CPU = Debug|Any CPU
		Release|Any CPU = Release|Any CPU
	EndGlobalSection
	GlobalSection(ProjectConfigurationPlatforms) = postSolution
		{461EFDCD-F817-4A3C-A819-C9A4DBC90F27}.Debug|Any CPU.ActiveCfg = Debug|Any CPU
		{461EFDCD-F817-4A3C-A819-C9A4DBC90F27}.Debug|Any CPU.Build.0 = Debug|Any CPU
		{461EFDCD-F817-4A3C-A819-C9A4DBC90F27}.Release|Any CPU.ActiveCfg = Release|Any CPU
		{461EFDCD-F817-4A3C-A819-C9A4DBC90F27}.Release|Any CPU.Build.0 = Release|Any CPU
	EndGlobalSection
	GlobalSection(SolutionProperties) = preSolution
		HideSolutionNode = FALSE
	EndGlobalSection
	GlobalSection(ExtensibilityGlobals) = postSolution
		SolutionGuid = {7D93F045-0809-4990-9B28-1BC8742F252E}
	EndGlobalSection
EndGlobal
